
Microsoft Visual Studio Solution File, Format Version 12.00
# Visual Studio Version 17
VisualStudioVersion = 17.14.36414.22 d17.14
MinimumVisualStudioVersion = 10.0.40219.1
Project("{FAE04EC0-301F-11D3-BF4B-00C04F79EFBC}") = "CpProLimp", "cpProLimp\CpProLimp.csproj", "{A1E30E7B-2083-4ED4-881C-AF3C7E180D8E}"
EndProject
Project("{FAE04EC0-301F-11D3-BF4B-00C04F79EFBC}") = "CadProLimp", "CadProLimp\CadProLimp.csproj", "{BFF5C5C0-F385-4040-A1DC-FDD2577BE896}"
EndProject
Project("{FAE04EC0-301F-11D3-BF4B-00C04F79EFBC}") = "ClnProLimp", "ClnProLimp\ClnProLimp.csproj", "{BA01B633-2CDB-4E64-AC61-7E2D59430A65}"
EndProject
Global
	GlobalSection(SolutionConfigurationPlatforms) = preSolution
		Debug|Any CPU = Debug|Any CPU
		Release|Any CPU = Release|Any CPU
	EndGlobalSection
	GlobalSection(ProjectConfigurationPlatforms) = postSolution
		{A1E30E7B-2083-4ED4-881C-AF3C7E180D8E}.Debug|Any CPU.ActiveCfg = Debug|Any CPU
		{A1E30E7B-2083-4ED4-881C-AF3C7E180D8E}.Debug|Any CPU.Build.0 = Debug|Any CPU
		{A1E30E7B-2083-4ED4-881C-AF3C7E180D8E}.Release|Any CPU.ActiveCfg = Release|Any CPU
		{A1E30E7B-2083-4ED4-881C-AF3C7E180D8E}.Release|Any CPU.Build.0 = Release|Any CPU
		{BFF5C5C0-F385-4040-A1DC-FDD2577BE896}.Debug|Any CPU.ActiveCfg = Debug|Any CPU
		{BFF5C5C0-F385-4040-A1DC-FDD2577BE896}.Debug|Any CPU.Build.0 = Debug|Any CPU
		{BFF5C5C0-F385-4040-A1DC-FDD2577BE896}.Release|Any CPU.ActiveCfg = Release|Any CPU
		{BFF5C5C0-F385-4040-A1DC-FDD2577BE896}.Release|Any CPU.Build.0 = Release|Any CPU
		{BA01B633-2CDB-4E64-AC61-7E2D59430A65}.Debug|Any CPU.ActiveCfg = Debug|Any CPU
		{BA01B633-2CDB-4E64-AC61-7E2D59430A65}.Debug|Any CPU.Build.0 = Debug|Any CPU
		{BA01B633-2CDB-4E64-AC61-7E2D59430A65}.Release|Any CPU.ActiveCfg = Release|Any CPU
		{BA01B633-2CDB-4E64-AC61-7E2D59430A65}.Release|Any CPU.Build.0 = Release|Any CPU
	EndGlobalSection
	GlobalSection(SolutionProperties) = preSolution
		HideSolutionNode = FALSE
	EndGlobalSection
	GlobalSection(ExtensibilityGlobals) = postSolution
		SolutionGuid = {2860FB17-6CF3-4887-AACC-D97FD7A58E0F}
	EndGlobalSection
EndGlobal
